
Microsoft Visual Studio Solution File, Format Version 12.00
# Visual Studio Version 16
VisualStudioVersion = 16.0.31410.357
MinimumVisualStudioVersion = 10.0.40219.1
Project("{FAE04EC0-301F-11D3-BF4B-00C04F79EFBC}") = "PainterLanding", "PainterLanding\PainterLanding.csproj", "{D56D015D-8DA7-4C96-9179-2BAF3DE6A745}"
EndProject
Global
	GlobalSection(SolutionConfigurationPlatforms) = preSolution
		Debug|Any CPU = Debug|Any CPU
		Release|Any CPU = Release|Any CPU
	EndGlobalSection
	GlobalSection(ProjectConfigurationPlatforms) = postSolution
		{D56D015D-8DA7-4C96-9179-2BAF3DE6A745}.Debug|Any CPU.ActiveCfg = Debug|Any CPU
		{D56D015D-8DA7-4C96-9179-2BAF3DE6A745}.Debug|Any CPU.Build.0 = Debug|Any CPU
		{D56D015D-8DA7-4C96-9179-2BAF3DE6A745}.Release|Any CPU.ActiveCfg = Release|Any CPU
		{D56D015D-8DA7-4C96-9179-2BAF3DE6A745}.Release|Any CPU.Build.0 = Release|Any CPU
	EndGlobalSection
	GlobalSection(SolutionProperties) = preSolution
		HideSolutionNode = FALSE
	EndGlobalSection
	GlobalSection(ExtensibilityGlobals) = postSolution
		SolutionGuid = {072DAE2B-F682-4191-86C3-90ABF233EF84}
	EndGlobalSection
EndGlobal
